
Microsoft Visual Studio Solution File, Format Version 12.00
# Visual Studio Version 17
VisualStudioVersion = 17.5.33516.290
MinimumVisualStudioVersion = 10.0.40219.1
Project("{FAE04EC0-301F-11D3-BF4B-00C04F79EFBC}") = "Variable_ allocation_algorithm", "Variable_ allocation_algorithm.csproj", "{61C94DAF-A0BC-4325-A3C0-F6E23F7F71E3}"
EndProject
Global
	GlobalSection(SolutionConfigurationPlatforms) = preSolution
		Debug|Any CPU = Debug|Any CPU
		Release|Any CPU = Release|Any CPU
	EndGlobalSection
	GlobalSection(ProjectConfigurationPlatforms) = postSolution
		{61C94DAF-A0BC-4325-A3C0-F6E23F7F71E3}.Debug|Any CPU.ActiveCfg = Debug|Any CPU
		{61C94DAF-A0BC-4325-A3C0-F6E23F7F71E3}.Debug|Any CPU.Build.0 = Debug|Any CPU
		{61C94DAF-A0BC-4325-A3C0-F6E23F7F71E3}.Release|Any CPU.ActiveCfg = Release|Any CPU
		{61C94DAF-A0BC-4325-A3C0-F6E23F7F71E3}.Release|Any CPU.Build.0 = Release|Any CPU
	EndGlobalSection
	GlobalSection(SolutionProperties) = preSolution
		HideSolutionNode = FALSE
	EndGlobalSection
	GlobalSection(ExtensibilityGlobals) = postSolution
		SolutionGuid = {E49D4CA1-9E49-4204-A4D4-0CBC0B021FBD}
	EndGlobalSection
EndGlobal
